
Microsoft Visual Studio Solution File, Format Version 12.00
# Visual Studio Version 17
VisualStudioVersion = 17.5.33530.505
MinimumVisualStudioVersion = 10.0.40219.1
Project("{FAE04EC0-301F-11D3-BF4B-00C04F79EFBC}") = "FinanceMentor.Server", "FinanceMentor\Server\FinanceMentor.Server.csproj", "{EB731B38-D318-415C-8460-C037E825AD46}"
EndProject
Project("{FAE04EC0-301F-11D3-BF4B-00C04F79EFBC}") = "FinanceMentor.Client", "FinanceMentor\Client\FinanceMentor.Client.csproj", "{295B9163-8CE3-4565-BFEC-5458D0870877}"
EndProject
Project("{E53339B2-1760-4266-BCC7-CA923CBCF16C}") = "docker-compose", "docker-compose.dcproj", "{725A940B-19C6-42FF-9F58-220A98185317}"
EndProject
Project("{9A19103F-16F7-4668-BE54-9A1E7A4F7556}") = "FinanceMentor.Shared", "FinanceMentor\Shared\FinanceMentor.Shared.csproj", "{D68A849C-664C-4157-B4AC-C607458D17B6}"
EndProject
Global
	GlobalSection(SolutionConfigurationPlatforms) = preSolution
		Debug|Any CPU = Debug|Any CPU
		Release|Any CPU = Release|Any CPU
	EndGlobalSection
	GlobalSection(ProjectConfigurationPlatforms) = postSolution
		{EB731B38-D318-415C-8460-C037E825AD46}.Debug|Any CPU.ActiveCfg = Debug|Any CPU
		{EB731B38-D318-415C-8460-C037E825AD46}.Debug|Any CPU.Build.0 = Debug|Any CPU
		{EB731B38-D318-415C-8460-C037E825AD46}.Release|Any CPU.ActiveCfg = Release|Any CPU
		{EB731B38-D318-415C-8460-C037E825AD46}.Release|Any CPU.Build.0 = Release|Any CPU
		{295B9163-8CE3-4565-BFEC-5458D0870877}.Debug|Any CPU.ActiveCfg = Debug|Any CPU
		{295B9163-8CE3-4565-BFEC-5458D0870877}.Debug|Any CPU.Build.0 = Debug|Any CPU
		{295B9163-8CE3-4565-BFEC-5458D0870877}.Release|Any CPU.ActiveCfg = Release|Any CPU
		{295B9163-8CE3-4565-BFEC-5458D0870877}.Release|Any CPU.Build.0 = Release|Any CPU
		{725A940B-19C6-42FF-9F58-220A98185317}.Debug|Any CPU.ActiveCfg = Debug|Any CPU
		{725A940B-19C6-42FF-9F58-220A98185317}.Debug|Any CPU.Build.0 = Debug|Any CPU
		{725A940B-19C6-42FF-9F58-220A98185317}.Release|Any CPU.ActiveCfg = Release|Any CPU
		{725A940B-19C6-42FF-9F58-220A98185317}.Release|Any CPU.Build.0 = Release|Any CPU
		{D68A849C-664C-4157-B4AC-C607458D17B6}.Debug|Any CPU.ActiveCfg = Debug|Any CPU
		{D68A849C-664C-4157-B4AC-C607458D17B6}.Debug|Any CPU.Build.0 = Debug|Any CPU
		{D68A849C-664C-4157-B4AC-C607458D17B6}.Release|Any CPU.ActiveCfg = Release|Any CPU
		{D68A849C-664C-4157-B4AC-C607458D17B6}.Release|Any CPU.Build.0 = Release|Any CPU
	EndGlobalSection
	GlobalSection(SolutionProperties) = preSolution
		HideSolutionNode = FALSE
	EndGlobalSection
	GlobalSection(ExtensibilityGlobals) = postSolution
		SolutionGuid = {D89AC5CE-073C-4C43-B9F1-F65F640EBF0A}
	EndGlobalSection
EndGlobal
